
Microsoft Visual Studio Solution File, Format Version 12.00
# Visual Studio Version 17
VisualStudioVersion = 17.7.34031.279
MinimumVisualStudioVersion = 10.0.40219.1
Project("{FAE04EC0-301F-11D3-BF4B-00C04F79EFBC}") = "EntityFramework", "EntityFramework.csproj", "{5FE4D98E-0B43-438B-AF5F-BCB03A400897}"
EndProject
Global
	GlobalSection(SolutionConfigurationPlatforms) = preSolution
		Debug|Any CPU = Debug|Any CPU
		Release|Any CPU = Release|Any CPU
	EndGlobalSection
	GlobalSection(ProjectConfigurationPlatforms) = postSolution
		{5FE4D98E-0B43-438B-AF5F-BCB03A400897}.Debug|Any CPU.ActiveCfg = Debug|Any CPU
		{5FE4D98E-0B43-438B-AF5F-BCB03A400897}.Debug|Any CPU.Build.0 = Debug|Any CPU
		{5FE4D98E-0B43-438B-AF5F-BCB03A400897}.Release|Any CPU.ActiveCfg = Release|Any CPU
		{5FE4D98E-0B43-438B-AF5F-BCB03A400897}.Release|Any CPU.Build.0 = Release|Any CPU
	EndGlobalSection
	GlobalSection(SolutionProperties) = preSolution
		HideSolutionNode = FALSE
	EndGlobalSection
	GlobalSection(ExtensibilityGlobals) = postSolution
		SolutionGuid = {26738456-FD55-48BF-9455-8479723E6F67}
	EndGlobalSection
EndGlobal
